
Microsoft Visual Studio Solution File, Format Version 12.00
# Visual Studio Version 17
VisualStudioVersion = 17.3.32929.385
MinimumVisualStudioVersion = 10.0.40219.1
Project("{FAE04EC0-301F-11D3-BF4B-00C04F79EFBC}") = "teste-api", "teste-api\teste-api.csproj", "{89E1D98E-4776-4358-A463-2E26C5E402F3}"
EndProject
Global
	GlobalSection(SolutionConfigurationPlatforms) = preSolution
		Debug|Any CPU = Debug|Any CPU
		Release|Any CPU = Release|Any CPU
	EndGlobalSection
	GlobalSection(ProjectConfigurationPlatforms) = postSolution
		{89E1D98E-4776-4358-A463-2E26C5E402F3}.Debug|Any CPU.ActiveCfg = Debug|Any CPU
		{89E1D98E-4776-4358-A463-2E26C5E402F3}.Debug|Any CPU.Build.0 = Debug|Any CPU
		{89E1D98E-4776-4358-A463-2E26C5E402F3}.Release|Any CPU.ActiveCfg = Release|Any CPU
		{89E1D98E-4776-4358-A463-2E26C5E402F3}.Release|Any CPU.Build.0 = Release|Any CPU
	EndGlobalSection
	GlobalSection(SolutionProperties) = preSolution
		HideSolutionNode = FALSE
	EndGlobalSection
	GlobalSection(ExtensibilityGlobals) = postSolution
		SolutionGuid = {63EE87FF-AB96-43B5-B1D8-B49D37B79EA9}
	EndGlobalSection
EndGlobal
